hash: b2c7af5aee108c25e5cee77f5d8096fabf8af43c45b235abe7fbae015495777c
updated: 2018-03-01T23:21:53.991443-08:00
imports:
- name: github.com/beorn7/perks
  version: 4c0e84591b9aa9e6dcfdf3e020114cd81f89d5f9
  subpackages:
  - quantile
- name: github.com/fsnotify/fsnotify
  version: c2828203cd70a50dcccfb2761f8b1f8ceef9a8e9
- name: github.com/gin-contrib/sse
  version: 22d885f9ecc78bf4ee5d72b937e4bbcdc58e8cae
- name: github.com/gin-gonic/gin
  version: d459835d2b077e44f7c9b453505ee29881d5d12d
  subpackages:
  - binding
  - render
- name: github.com/golang/protobuf
  version: bbd03ef6da3a115852eaf24c8a1c46aeb39aa175
  subpackages:
  - proto
- name: github.com/hashicorp/consul
  version: 9a494b5fb9c86180a5702e29c485df1507a47198
  subpackages:
  - lib/freeport
  - testutil
  - testutil/retry
- name: github.com/hashicorp/go-cleanhttp
  version: d5fe4b57a186c716b0e00b8c301cbd9b4182694d
- name: github.com/hashicorp/go-uuid
  version: 27454136f0364f2d44b1276c552d69105cf8c498
- name: github.com/hashicorp/hcl
  version: 23c074d0eceb2b8a5bfdbb271ab780cde70f05a8
  subpackages:
  - hcl/ast
  - hcl/parser
  - hcl/scanner
  - hcl/strconv
  - hcl/token
  - json/parser
  - json/scanner
  - json/token
- name: github.com/inconshreveable/mousetrap
  version: 76626ae9c91c4f2a10f34cad8ce83ea42c93bb75
- name: github.com/json-iterator/go
  version: 3353055b2a1a5ae1b6a8dfde887a524e7088f3a2
- name: github.com/kadaan/go-gin-prometheus
  version: 5d2cfda7af87a97514942fbbf3542097fae1db14
- name: github.com/magiconair/properties
  version: 2c9e9502788518c97fe44e8955cd069417ee89df
- name: github.com/mattn/go-isatty
  version: 6ca4dbf54d38eea1a992b3c722a76a5d1c4cb25c
- name: github.com/matttproud/golang_protobuf_extensions
  version: c12348ce28de40eed0136aa2b644d0ee0650e56c
  subpackages:
  - pbutil
- name: github.com/mitchellh/go-testing-interface
  version: a61a99592b77c9ba629d254a693acffaeb4b7e28
- name: github.com/mitchellh/mapstructure
  version: 00c29f56e2386353d58c599509e8dc3801b0d716
- name: github.com/modern-go/concurrent
  version: 28f5fe9fd9e9a8d00b892d0a72d5d31f68b6e7f0
- name: github.com/modern-go/reflect2
  version: b7d2eb37fe6510047d26b1f97a19002bd717280a
- name: github.com/patrickmn/go-cache
  version: a3647f8e31d79543b2d0f0ae2fe5c379d72cedc0
- name: github.com/pelletier/go-toml
  version: 05bcc0fb0d3e60da4b8dd5bd7e0ea563eb4ca943
- name: github.com/pkg/errors
  version: 645ef00459ed84a119197bfb8d8205042c6df63d
- name: github.com/prometheus/client_golang
  version: 967789050ba94deca04a5e84cce8ad472ce313c1
  subpackages:
  - prometheus
  - prometheus/promhttp
- name: github.com/prometheus/client_model
  version: 99fa1f4be8e564e8a6b613da7fa6f46c9edafc6c
  subpackages:
  - go
- name: github.com/prometheus/common
  version: 6fb6fce6f8b75884b92e1889c150403fc0872c5e
  subpackages:
  - expfmt
  - internal/bitbucket.org/ww/goautoneg
  - model
- name: github.com/prometheus/procfs
  version: d274e363d5759d1c916232217be421f1cc89c5fe
  subpackages:
  - internal/util
  - nfs
  - xfs
- name: github.com/spf13/afero
  version: bbf41cb36dffe15dff5bf7e18c447801e7ffe163
  subpackages:
  - mem
- name: github.com/spf13/cast
  version: 8965335b8c7107321228e3e3702cab9832751bac
- name: github.com/spf13/cobra
  version: 7b2c5ac9fc04fc5efafb60700713d4fa609b777b
- name: github.com/spf13/jwalterweatherman
  version: 7c0cea34c8ece3fbeb2b27ab9b59511d360fb394
- name: github.com/spf13/pflag
  version: ee5fd03fd6acfd43e44aea0b4135958546ed8e73
- name: github.com/spf13/viper
  version: 25b30aa063fc18e48662b86996252eabdcf2f0c7
- name: github.com/ugorji/go
  version: 16f09ef744fd4227190f626f14cfdefb14362b3b
  subpackages:
  - codec
- name: golang.org/x/sys
  version: f6cff0780e542efa0c8e864dc8fa522808f6a598
  subpackages:
  - unix
- name: golang.org/x/text
  version: 0b0b1f509072617b86d90971b51da23cc52694f2
  subpackages:
  - transform
  - unicode/norm
- name: gopkg.in/go-playground/validator.v8
  version: 5f1438d3fca68893a817e4a66806cea46a9e4ebf
- name: gopkg.in/yaml.v2
  version: 7f97868eec74b32b0982dd158a51a446d1da7eb5
testImports: []
